
Microsoft Visual Studio Solution File, Format Version 12.00
# Visual Studio 2012
Project("{FAE04EC0-301F-11D3-BF4B-00C04F79EFBC}") = "Triangle.Finder", "Triangle.Finder\Triangle.Finder.csproj", "{C4C5CC0D-5E2C-49BB-89EE-3C86BDA4C04F}"
EndProject
Project("{FAE04EC0-301F-11D3-BF4B-00C04F79EFBC}") = "Triangle.Finder.Test", "Triangle.Finder.Test\Triangle.Finder.Test.csproj", "{CE5AF9F3-1D6D-40FE-967E-8A3D18778B97}"
EndProject
Project("{2150E333-8FDC-42A3-9474-1A3956D46DE8}") = ".nuget", ".nuget", "{3FECCE15-2549-46FE-A17C-5C31A9A21D57}"
	ProjectSection(SolutionItems) = preProject
		.nuget\packages.config = .nuget\packages.config
	EndProjectSection
EndProject
Global
	GlobalSection(SolutionConfigurationPlatforms) = preSolution
		Debug|Any CPU = Debug|Any CPU
		Release|Any CPU = Release|Any CPU
	EndGlobalSection
	GlobalSection(ProjectConfigurationPlatforms) = postSolution
		{C4C5CC0D-5E2C-49BB-89EE-3C86BDA4C04F}.Debug|Any CPU.ActiveCfg = Debug|Any CPU
		{C4C5CC0D-5E2C-49BB-89EE-3C86BDA4C04F}.Debug|Any CPU.Build.0 = Debug|Any CPU
		{C4C5CC0D-5E2C-49BB-89EE-3C86BDA4C04F}.Release|Any CPU.ActiveCfg = Release|Any CPU
		{C4C5CC0D-5E2C-49BB-89EE-3C86BDA4C04F}.Release|Any CPU.Build.0 = Release|Any CPU
		{CE5AF9F3-1D6D-40FE-967E-8A3D18778B97}.Debug|Any CPU.ActiveCfg = Debug|Any CPU
		{CE5AF9F3-1D6D-40FE-967E-8A3D18778B97}.Debug|Any CPU.Build.0 = Debug|Any CPU
		{CE5AF9F3-1D6D-40FE-967E-8A3D18778B97}.Release|Any CPU.ActiveCfg = Release|Any CPU
		{CE5AF9F3-1D6D-40FE-967E-8A3D18778B97}.Release|Any CPU.Build.0 = Release|Any CPU
	EndGlobalSection
	GlobalSection(SolutionProperties) = preSolution
		HideSolutionNode = FALSE
	EndGlobalSection
EndGlobal
